
Microsoft Visual Studio Solution File, Format Version 12.00
# Visual Studio 2013
VisualStudioVersion = 12.0.21005.1
MinimumVisualStudioVersion = 10.0.40219.1
Project("{FAE04EC0-301F-11D3-BF4B-00C04F79EFBC}") = "ReplaceWordServer", "ReplaceWordServer\ReplaceWordServer.csproj", "{2CD8D573-05BA-41F1-8925-A03D171BBA73}"
EndProject
Project("{FAE04EC0-301F-11D3-BF4B-00C04F79EFBC}") = "PrintWordServerApp", "PrintWordServerApp\PrintWordServerApp.csproj", "{720AC035-C9E9-42A2-9F8F-8AD04A913321}"
EndProject
Global
	GlobalSection(SolutionConfigurationPlatforms) = preSolution
		Debug|Any CPU = Debug|Any CPU
		Release|Any CPU = Release|Any CPU
	EndGlobalSection
	GlobalSection(ProjectConfigurationPlatforms) = postSolution
		{2CD8D573-05BA-41F1-8925-A03D171BBA73}.Debug|Any CPU.ActiveCfg = Debug|Any CPU
		{2CD8D573-05BA-41F1-8925-A03D171BBA73}.Debug|Any CPU.Build.0 = Debug|Any CPU
		{2CD8D573-05BA-41F1-8925-A03D171BBA73}.Release|Any CPU.ActiveCfg = Release|Any CPU
		{2CD8D573-05BA-41F1-8925-A03D171BBA73}.Release|Any CPU.Build.0 = Release|Any CPU
		{720AC035-C9E9-42A2-9F8F-8AD04A913321}.Debug|Any CPU.ActiveCfg = Debug|Any CPU
		{720AC035-C9E9-42A2-9F8F-8AD04A913321}.Debug|Any CPU.Build.0 = Debug|Any CPU
		{720AC035-C9E9-42A2-9F8F-8AD04A913321}.Release|Any CPU.ActiveCfg = Release|Any CPU
		{720AC035-C9E9-42A2-9F8F-8AD04A913321}.Release|Any CPU.Build.0 = Release|Any CPU
	EndGlobalSection
	GlobalSection(SolutionProperties) = preSolution
		HideSolutionNode = FALSE
	EndGlobalSection
EndGlobal
